
Microsoft Visual Studio Solution File, Format Version 12.00
# Visual Studio 14
VisualStudioVersion = 14.0.25420.1
MinimumVisualStudioVersion = 10.0.40219.1
Project("{FAE04EC0-301F-11D3-BF4B-00C04F79EFBC}") = "NavigationMasterDetail.Droid", "NavigationMasterDetail\NavigationMasterDetail.Droid\NavigationMasterDetail.Droid.csproj", "{FE0E79CB-71A7-4468-9E46-3A238539D83F}"
EndProject
Project("{FAE04EC0-301F-11D3-BF4B-00C04F79EFBC}") = "NavigationMasterDetail.iOS", "NavigationMasterDetail\NavigationMasterDetail.iOS\NavigationMasterDetail.iOS.csproj", "{79A7225F-C7DE-4636-8B93-678BD8E184B0}"
EndProject
Project("{FAE04EC0-301F-11D3-BF4B-00C04F79EFBC}") = "NavigationMasterDetail.WinPhone", "NavigationMasterDetail\NavigationMasterDetail.WinPhone\NavigationMasterDetail.WinPhone.csproj", "{53C50118-13EC-4078-ACD7-B09AE36224E9}"
EndProject
Project("{FAE04EC0-301F-11D3-BF4B-00C04F79EFBC}") = "NavigationMasterDetail", "NavigationMasterDetail\NavigationMasterDetail\NavigationMasterDetail.csproj", "{C0A61782-D22C-453C-ABA5-2D5EA2D93B10}"
EndProject
Global
	GlobalSection(SolutionConfigurationPlatforms) = preSolution
		Ad-Hoc|Any CPU = Ad-Hoc|Any CPU
		Ad-Hoc|ARM = Ad-Hoc|ARM
		Ad-Hoc|iPhone = Ad-Hoc|iPhone
		Ad-Hoc|iPhoneSimulator = Ad-Hoc|iPhoneSimulator
		Ad-Hoc|x64 = Ad-Hoc|x64
		Ad-Hoc|x86 = Ad-Hoc|x86
		AppStore|Any CPU = AppStore|Any CPU
		AppStore|ARM = AppStore|ARM
		AppStore|iPhone = AppStore|iPhone
		AppStore|iPhoneSimulator = AppStore|iPhoneSimulator
		AppStore|x64 = AppStore|x64
		AppStore|x86 = AppStore|x86
		Debug|Any CPU = Debug|Any CPU
		Debug|ARM = Debug|ARM
		Debug|iPhone = Debug|iPhone
		Debug|iPhoneSimulator = Debug|iPhoneSimulator
		Debug|x64 = Debug|x64
		Debug|x86 = Debug|x86
		Release|Any CPU = Release|Any CPU
		Release|ARM = Release|ARM
		Release|iPhone = Release|iPhone
		Release|iPhoneSimulator = Release|iPhoneSimulator
		Release|x64 = Release|x64
		Release|x86 = Release|x86
	EndGlobalSection
	GlobalSection(ProjectConfigurationPlatforms) = postSolution
		{FE0E79CB-71A7-4468-9E46-3A238539D83F}.Ad-Hoc|Any CPU.ActiveCfg = Release|Any CPU
		{FE0E79CB-71A7-4468-9E46-3A238539D83F}.Ad-Hoc|Any CPU.Build.0 = Release|Any CPU
		{FE0E79CB-71A7-4468-9E46-3A238539D83F}.Ad-Hoc|Any CPU.Deploy.0 = Release|Any CPU
		{FE0E79CB-71A7-4468-9E46-3A238539D83F}.Ad-Hoc|ARM.ActiveCfg = Release|Any CPU
		{FE0E79CB-71A7-4468-9E46-3A238539D83F}.Ad-Hoc|ARM.Build.0 = Release|Any CPU
		{FE0E79CB-71A7-4468-9E46-3A238539D83F}.Ad-Hoc|ARM.Deploy.0 = Release|Any CPU
		{FE0E79CB-71A7-4468-9E46-3A238539D83F}.Ad-Hoc|iPhone.ActiveCfg = Release|Any CPU
		{FE0E79CB-71A7-4468-9E46-3A238539D83F}.Ad-Hoc|iPhone.Build.0 = Release|Any CPU
		{FE0E79CB-71A7-4468-9E46-3A238539D83F}.Ad-Hoc|iPhone.Deploy.0 = Release|Any CPU
		{FE0E79CB-71A7-4468-9E46-3A238539D83F}.Ad-Hoc|iPhoneSimulator.ActiveCfg = Release|Any CPU
		{FE0E79CB-71A7-4468-9E46-3A238539D83F}.Ad-Hoc|iPhoneSimulator.Build.0 = Release|Any CPU
		{FE0E79CB-71A7-4468-9E46-3A238539D83F}.Ad-Hoc|iPhoneSimulator.Deploy.0 = Release|Any CPU
		{FE0E79CB-71A7-4468-9E46-3A238539D83F}.Ad-Hoc|x64.ActiveCfg = Release|Any CPU
		{FE0E79CB-71A7-4468-9E46-3A238539D83F}.Ad-Hoc|x64.Build.0 = Release|Any CPU
		{FE0E79CB-71A7-4468-9E46-3A238539D83F}.Ad-Hoc|x64.Deploy.0 = Release|Any CPU
		{FE0E79CB-71A7-4468-9E46-3A238539D83F}.Ad-Hoc|x86.ActiveCfg = Release|Any CPU
		{FE0E79CB-71A7-4468-9E46-3A238539D83F}.Ad-Hoc|x86.Build.0 = Release|Any CPU
		{FE0E79CB-71A7-4468-9E46-3A238539D83F}.Ad-Hoc|x86.Deploy.0 = Release|Any CPU
		{FE0E79CB-71A7-4468-9E46-3A238539D83F}.AppStore|Any CPU.ActiveCfg = Release|Any CPU
		{FE0E79CB-71A7-4468-9E46-3A238539D83F}.AppStore|Any CPU.Build.0 = Release|Any CPU
		{FE0E79CB-71A7-4468-9E46-3A238539D83F}.AppStore|Any CPU.Deploy.0 = Release|Any CPU
		{FE0E79CB-71A7-4468-9E46-3A238539D83F}.AppStore|ARM.ActiveCfg = Release|Any CPU
		{FE0E79CB-71A7-4468-9E46-3A238539D83F}.AppStore|ARM.Build.0 = Release|Any CPU
		{FE0E79CB-71A7-4468-9E46-3A238539D83F}.AppStore|ARM.Deploy.0 = Release|Any CPU
		{FE0E79CB-71A7-4468-9E46-3A238539D83F}.AppStore|iPhone.ActiveCfg = Release|Any CPU
		{FE0E79CB-71A7-4468-9E46-3A238539D83F}.AppStore|iPhone.Build.0 = Release|Any CPU
		{FE0E79CB-71A7-4468-9E46-3A238539D83F}.AppStore|iPhone.Deploy.0 = Release|Any CPU
		{FE0E79CB-71A7-4468-9E46-3A238539D83F}.AppStore|iPhoneSimulator.ActiveCfg = Release|Any CPU
		{FE0E79CB-71A7-4468-9E46-3A238539D83F}.AppStore|iPhoneSimulator.Build.0 = Release|Any CPU
		{FE0E79CB-71A7-4468-9E46-3A238539D83F}.AppStore|iPhoneSimulator.Deploy.0 = Release|Any CPU
		{FE0E79CB-71A7-4468-9E46-3A238539D83F}.AppStore|x64.ActiveCfg = Release|Any CPU
		{FE0E79CB-71A7-4468-9E46-3A238539D83F}.AppStore|x64.Build.0 = Release|Any CPU
		{FE0E79CB-71A7-4468-9E46-3A238539D83F}.AppStore|x64.Deploy.0 = Release|Any CPU
		{FE0E79CB-71A7-4468-9E46-3A238539D83F}.AppStore|x86.ActiveCfg = Release|Any CPU
		{FE0E79CB-71A7-4468-9E46-3A238539D83F}.AppStore|x86.Build.0 = Release|Any CPU
		{FE0E79CB-71A7-4468-9E46-3A238539D83F}.AppStore|x86.Deploy.0 = Release|Any CPU
		{FE0E79CB-71A7-4468-9E46-3A238539D83F}.Debug|Any CPU.ActiveCfg = Debug|Any CPU
		{FE0E79CB-71A7-4468-9E46-3A238539D83F}.Debug|Any CPU.Build.0 = Debug|Any CPU
		{FE0E79CB-71A7-4468-9E46-3A238539D83F}.Debug|Any CPU.Deploy.0 = Debug|Any CPU
		{FE0E79CB-71A7-4468-9E46-3A238539D83F}.Debug|ARM.ActiveCfg = Debug|Any CPU
		{FE0E79CB-71A7-4468-9E46-3A238539D83F}.Debug|ARM.Build.0 = Debug|Any CPU
		{FE0E79CB-71A7-4468-9E46-3A238539D83F}.Debug|ARM.Deploy.0 = Debug|Any CPU
		{FE0E79CB-71A7-4468-9E46-3A238539D83F}.Debug|iPhone.ActiveCfg = Debug|Any CPU
		{FE0E79CB-71A7-4468-9E46-3A238539D83F}.Debug|iPhone.Build.0 = Debug|Any CPU
		{FE0E79CB-71A7-4468-9E46-3A238539D83F}.Debug|iPhone.Deploy.0 = Debug|Any CPU
		{FE0E79CB-71A7-4468-9E46-3A238539D83F}.Debug|iPhoneSimulator.ActiveCfg = Debug|Any CPU
		{FE0E79CB-71A7-4468-9E46-3A238539D83F}.Debug|iPhoneSimulator.Build.0 = Debug|Any CPU
		{FE0E79CB-71A7-4468-9E46-3A238539D83F}.Debug|iPhoneSimulator.Deploy.0 = Debug|Any CPU
		{FE0E79CB-71A7-4468-9E46-3A238539D83F}.Debug|x64.ActiveCfg = Debug|Any CPU
		{FE0E79CB-71A7-4468-9E46-3A238539D83F}.Debug|x64.Build.0 = Debug|Any CPU
		{FE0E79CB-71A7-4468-9E46-3A238539D83F}.Debug|x64.Deploy.0 = Debug|Any CPU
		{FE0E79CB-71A7-4468-9E46-3A238539D83F}.Debug|x86.ActiveCfg = Debug|Any CPU
		{FE0E79CB-71A7-4468-9E46-3A238539D83F}.Debug|x86.Build.0 = Debug|Any CPU
		{FE0E79CB-71A7-4468-9E46-3A238539D83F}.Debug|x86.Deploy.0 = Debug|Any CPU
		{FE0E79CB-71A7-4468-9E46-3A238539D83F}.Release|Any CPU.ActiveCfg = Release|Any CPU
		{FE0E79CB-71A7-4468-9E46-3A238539D83F}.Release|Any CPU.Build.0 = Release|Any CPU
		{FE0E79CB-71A7-4468-9E46-3A238539D83F}.Release|Any CPU.Deploy.0 = Release|Any CPU
		{FE0E79CB-71A7-4468-9E46-3A238539D83F}.Release|ARM.ActiveCfg = Release|Any CPU
		{FE0E79CB-71A7-4468-9E46-3A238539D83F}.Release|ARM.Build.0 = Release|Any CPU
		{FE0E79CB-71A7-4468-9E46-3A238539D83F}.Release|ARM.Deploy.0 = Release|Any CPU
		{FE0E79CB-71A7-4468-9E46-3A238539D83F}.Release|iPhone.ActiveCfg = Release|Any CPU
		{FE0E79CB-71A7-4468-9E46-3A238539D83F}.Release|iPhone.Build.0 = Release|Any CPU
		{FE0E79CB-71A7-4468-9E46-3A238539D83F}.Release|iPhone.Deploy.0 = Release|Any CPU
		{FE0E79CB-71A7-4468-9E46-3A238539D83F}.Release|iPhoneSimulator.ActiveCfg = Release|Any CPU
		{FE0E79CB-71A7-4468-9E46-3A238539D83F}.Release|iPhoneSimulator.Build.0 = Release|Any CPU
		{FE0E79CB-71A7-4468-9E46-3A238539D83F}.Release|iPhoneSimulator.Deploy.0 = Release|Any CPU
		{FE0E79CB-71A7-4468-9E46-3A238539D83F}.Release|x64.ActiveCfg = Release|Any CPU
		{FE0E79CB-71A7-4468-9E46-3A238539D83F}.Release|x64.Build.0 = Release|Any CPU
		{FE0E79CB-71A7-4468-9E46-3A238539D83F}.Release|x64.Deploy.0 = Release|Any CPU
		{FE0E79CB-71A7-4468-9E46-3A238539D83F}.Release|x86.ActiveCfg = Release|Any CPU
		{FE0E79CB-71A7-4468-9E46-3A238539D83F}.Release|x86.Build.0 = Release|Any CPU
		{FE0E79CB-71A7-4468-9E46-3A238539D83F}.Release|x86.Deploy.0 = Release|Any CPU
		{79A7225F-C7DE-4636-8B93-678BD8E184B0}.Ad-Hoc|Any CPU.ActiveCfg = Ad-Hoc|iPhone
		{79A7225F-C7DE-4636-8B93-678BD8E184B0}.Ad-Hoc|ARM.ActiveCfg = Ad-Hoc|iPhone
		{79A7225F-C7DE-4636-8B93-678BD8E184B0}.Ad-Hoc|iPhone.ActiveCfg = Ad-Hoc|iPhone
		{79A7225F-C7DE-4636-8B93-678BD8E184B0}.Ad-Hoc|iPhone.Build.0 = Ad-Hoc|iPhone
		{79A7225F-C7DE-4636-8B93-678BD8E184B0}.Ad-Hoc|iPhoneSimulator.ActiveCfg = Ad-Hoc|iPhoneSimulator
		{79A7225F-C7DE-4636-8B93-678BD8E184B0}.Ad-Hoc|iPhoneSimulator.Build.0 = Ad-Hoc|iPhoneSimulator
		{79A7225F-C7DE-4636-8B93-678BD8E184B0}.Ad-Hoc|x64.ActiveCfg = Ad-Hoc|iPhone
		{79A7225F-C7DE-4636-8B93-678BD8E184B0}.Ad-Hoc|x86.ActiveCfg = Ad-Hoc|iPhone
		{79A7225F-C7DE-4636-8B93-678BD8E184B0}.AppStore|Any CPU.ActiveCfg = AppStore|iPhone
		{79A7225F-C7DE-4636-8B93-678BD8E184B0}.AppStore|ARM.ActiveCfg = AppStore|iPhone
		{79A7225F-C7DE-4636-8B93-678BD8E184B0}.AppStore|iPhone.ActiveCfg = AppStore|iPhone
		{79A7225F-C7DE-4636-8B93-678BD8E184B0}.AppStore|iPhone.Build.0 = AppStore|iPhone
		{79A7225F-C7DE-4636-8B93-678BD8E184B0}.AppStore|iPhoneSimulator.ActiveCfg = AppStore|iPhoneSimulator
		{79A7225F-C7DE-4636-8B93-678BD8E184B0}.AppStore|iPhoneSimulator.Build.0 = AppStore|iPhoneSimulator
		{79A7225F-C7DE-4636-8B93-678BD8E184B0}.AppStore|x64.ActiveCfg = AppStore|iPhone
		{79A7225F-C7DE-4636-8B93-678BD8E184B0}.AppStore|x86.ActiveCfg = AppStore|iPhone
		{79A7225F-C7DE-4636-8B93-678BD8E184B0}.Debug|Any CPU.ActiveCfg = Debug|iPhone
		{79A7225F-C7DE-4636-8B93-678BD8E184B0}.Debug|ARM.ActiveCfg = Debug|iPhone
		{79A7225F-C7DE-4636-8B93-678BD8E184B0}.Debug|iPhone.ActiveCfg = Debug|iPhone
		{79A7225F-C7DE-4636-8B93-678BD8E184B0}.Debug|iPhone.Build.0 = Debug|iPhone
		{79A7225F-C7DE-4636-8B93-678BD8E184B0}.Debug|iPhoneSimulator.ActiveCfg = Debug|iPhoneSimulator
		{79A7225F-C7DE-4636-8B93-678BD8E184B0}.Debug|iPhoneSimulator.Build.0 = Debug|iPhoneSimulator
		{79A7225F-C7DE-4636-8B93-678BD8E184B0}.Debug|x64.ActiveCfg = Debug|iPhone
		{79A7225F-C7DE-4636-8B93-678BD8E184B0}.Debug|x86.ActiveCfg = Debug|iPhone
		{79A7225F-C7DE-4636-8B93-678BD8E184B0}.Release|Any CPU.ActiveCfg = Release|iPhone
		{79A7225F-C7DE-4636-8B93-678BD8E184B0}.Release|ARM.ActiveCfg = Release|iPhone
		{79A7225F-C7DE-4636-8B93-678BD8E184B0}.Release|iPhone.ActiveCfg = Release|iPhone
		{79A7225F-C7DE-4636-8B93-678BD8E184B0}.Release|iPhone.Build.0 = Release|iPhone
		{79A7225F-C7DE-4636-8B93-678BD8E184B0}.Release|iPhoneSimulator.ActiveCfg = Release|iPhoneSimulator
		{79A7225F-C7DE-4636-8B93-678BD8E184B0}.Release|iPhoneSimulator.Build.0 = Release|iPhoneSimulator
		{79A7225F-C7DE-4636-8B93-678BD8E184B0}.Release|x64.ActiveCfg = Release|iPhone
		{79A7225F-C7DE-4636-8B93-678BD8E184B0}.Release|x86.ActiveCfg = Release|iPhone
		{53C50118-13EC-4078-ACD7-B09AE36224E9}.Ad-Hoc|Any CPU.ActiveCfg = Release|Any CPU
		{53C50118-13EC-4078-ACD7-B09AE36224E9}.Ad-Hoc|Any CPU.Build.0 = Release|Any CPU
		{53C50118-13EC-4078-ACD7-B09AE36224E9}.Ad-Hoc|Any CPU.Deploy.0 = Release|Any CPU
		{53C50118-13EC-4078-ACD7-B09AE36224E9}.Ad-Hoc|ARM.ActiveCfg = Release|ARM
		{53C50118-13EC-4078-ACD7-B09AE36224E9}.Ad-Hoc|ARM.Build.0 = Release|ARM
		{53C50118-13EC-4078-ACD7-B09AE36224E9}.Ad-Hoc|ARM.Deploy.0 = Release|ARM
		{53C50118-13EC-4078-ACD7-B09AE36224E9}.Ad-Hoc|iPhone.ActiveCfg = Release|Any CPU
		{53C50118-13EC-4078-ACD7-B09AE36224E9}.Ad-Hoc|iPhone.Build.0 = Release|Any CPU
		{53C50118-13EC-4078-ACD7-B09AE36224E9}.Ad-Hoc|iPhone.Deploy.0 = Release|Any CPU
		{53C50118-13EC-4078-ACD7-B09AE36224E9}.Ad-Hoc|iPhoneSimulator.ActiveCfg = Release|Any CPU
		{53C50118-13EC-4078-ACD7-B09AE36224E9}.Ad-Hoc|iPhoneSimulator.Build.0 = Release|Any CPU
		{53C50118-13EC-4078-ACD7-B09AE36224E9}.Ad-Hoc|iPhoneSimulator.Deploy.0 = Release|Any CPU
		{53C50118-13EC-4078-ACD7-B09AE36224E9}.Ad-Hoc|x64.ActiveCfg = Release|Any CPU
		{53C50118-13EC-4078-ACD7-B09AE36224E9}.Ad-Hoc|x64.Build.0 = Release|Any CPU
		{53C50118-13EC-4078-ACD7-B09AE36224E9}.Ad-Hoc|x64.Deploy.0 = Release|Any CPU
		{53C50118-13EC-4078-ACD7-B09AE36224E9}.Ad-Hoc|x86.ActiveCfg = Release|x86
		{53C50118-13EC-4078-ACD7-B09AE36224E9}.Ad-Hoc|x86.Build.0 = Release|x86
		{53C50118-13EC-4078-ACD7-B09AE36224E9}.Ad-Hoc|x86.Deploy.0 = Release|x86
		{53C50118-13EC-4078-ACD7-B09AE36224E9}.AppStore|Any CPU.ActiveCfg = Release|Any CPU
		{53C50118-13EC-4078-ACD7-B09AE36224E9}.AppStore|Any CPU.Build.0 = Release|Any CPU
		{53C50118-13EC-4078-ACD7-B09AE36224E9}.AppStore|Any CPU.Deploy.0 = Release|Any CPU
		{53C50118-13EC-4078-ACD7-B09AE36224E9}.AppStore|ARM.ActiveCfg = Release|ARM
		{53C50118-13EC-4078-ACD7-B09AE36224E9}.AppStore|ARM.Build.0 = Release|ARM
		{53C50118-13EC-4078-ACD7-B09AE36224E9}.AppStore|ARM.Deploy.0 = Release|ARM
		{53C50118-13EC-4078-ACD7-B09AE36224E9}.AppStore|iPhone.ActiveCfg = Release|Any CPU
		{53C50118-13EC-4078-ACD7-B09AE36224E9}.AppStore|iPhone.Build.0 = Release|Any CPU
		{53C50118-13EC-4078-ACD7-B09AE36224E9}.AppStore|iPhone.Deploy.0 = Release|Any CPU
		{53C50118-13EC-4078-ACD7-B09AE36224E9}.AppStore|iPhoneSimulator.ActiveCfg = Release|Any CPU
		{53C50118-13EC-4078-ACD7-B09AE36224E9}.AppStore|iPhoneSimulator.Build.0 = Release|Any CPU
		{53C50118-13EC-4078-ACD7-B09AE36224E9}.AppStore|iPhoneSimulator.Deploy.0 = Release|Any CPU
		{53C50118-13EC-4078-ACD7-B09AE36224E9}.AppStore|x64.ActiveCfg = Release|Any CPU
		{53C50118-13EC-4078-ACD7-B09AE36224E9}.AppStore|x64.Build.0 = Release|Any CPU
		{53C50118-13EC-4078-ACD7-B09AE36224E9}.AppStore|x64.Deploy.0 = Release|Any CPU
		{53C50118-13EC-4078-ACD7-B09AE36224E9}.AppStore|x86.ActiveCfg = Release|x86
		{53C50118-13EC-4078-ACD7-B09AE36224E9}.AppStore|x86.Build.0 = Release|x86
		{53C50118-13EC-4078-ACD7-B09AE36224E9}.AppStore|x86.Deploy.0 = Release|x86
		{53C50118-13EC-4078-ACD7-B09AE36224E9}.Debug|Any CPU.ActiveCfg = Debug|Any CPU
		{53C50118-13EC-4078-ACD7-B09AE36224E9}.Debug|Any CPU.Build.0 = Debug|Any CPU
		{53C50118-13EC-4078-ACD7-B09AE36224E9}.Debug|Any CPU.Deploy.0 = Debug|Any CPU
		{53C50118-13EC-4078-ACD7-B09AE36224E9}.Debug|ARM.ActiveCfg = Debug|ARM
		{53C50118-13EC-4078-ACD7-B09AE36224E9}.Debug|ARM.Build.0 = Debug|ARM
		{53C50118-13EC-4078-ACD7-B09AE36224E9}.Debug|ARM.Deploy.0 = Debug|ARM
		{53C50118-13EC-4078-ACD7-B09AE36224E9}.Debug|iPhone.ActiveCfg = Debug|Any CPU
		{53C50118-13EC-4078-ACD7-B09AE36224E9}.Debug|iPhone.Build.0 = Debug|Any CPU
		{53C50118-13EC-4078-ACD7-B09AE36224E9}.Debug|iPhone.Deploy.0 = Debug|Any CPU
		{53C50118-13EC-4078-ACD7-B09AE36224E9}.Debug|iPhoneSimulator.ActiveCfg = Debug|Any CPU
		{53C50118-13EC-4078-ACD7-B09AE36224E9}.Debug|iPhoneSimulator.Build.0 = Debug|Any CPU
		{53C50118-13EC-4078-ACD7-B09AE36224E9}.Debug|iPhoneSimulator.Deploy.0 = Debug|Any CPU
		{53C50118-13EC-4078-ACD7-B09AE36224E9}.Debug|x64.ActiveCfg = Debug|Any CPU
		{53C50118-13EC-4078-ACD7-B09AE36224E9}.Debug|x64.Build.0 = Debug|Any CPU
		{53C50118-13EC-4078-ACD7-B09AE36224E9}.Debug|x64.Deploy.0 = Debug|Any CPU
		{53C50118-13EC-4078-ACD7-B09AE36224E9}.Debug|x86.ActiveCfg = Debug|x86
		{53C50118-13EC-4078-ACD7-B09AE36224E9}.Debug|x86.Build.0 = Debug|x86
		{53C50118-13EC-4078-ACD7-B09AE36224E9}.Debug|x86.Deploy.0 = Debug|x86
		{53C50118-13EC-4078-ACD7-B09AE36224E9}.Release|Any CPU.ActiveCfg = Release|Any CPU
		{53C50118-13EC-4078-ACD7-B09AE36224E9}.Release|Any CPU.Build.0 = Release|Any CPU
		{53C50118-13EC-4078-ACD7-B09AE36224E9}.Release|Any CPU.Deploy.0 = Release|Any CPU
		{53C50118-13EC-4078-ACD7-B09AE36224E9}.Release|ARM.ActiveCfg = Release|ARM
		{53C50118-13EC-4078-ACD7-B09AE36224E9}.Release|ARM.Build.0 = Release|ARM
		{53C50118-13EC-4078-ACD7-B09AE36224E9}.Release|ARM.Deploy.0 = Release|ARM
		{53C50118-13EC-4078-ACD7-B09AE36224E9}.Release|iPhone.ActiveCfg = Release|Any CPU
		{53C50118-13EC-4078-ACD7-B09AE36224E9}.Release|iPhone.Build.0 = Release|Any CPU
		{53C50118-13EC-4078-ACD7-B09AE36224E9}.Release|iPhone.Deploy.0 = Release|Any CPU
		{53C50118-13EC-4078-ACD7-B09AE36224E9}.Release|iPhoneSimulator.ActiveCfg = Release|Any CPU
		{53C50118-13EC-4078-ACD7-B09AE36224E9}.Release|iPhoneSimulator.Build.0 = Release|Any CPU
		{53C50118-13EC-4078-ACD7-B09AE36224E9}.Release|iPhoneSimulator.Deploy.0 = Release|Any CPU
		{53C50118-13EC-4078-ACD7-B09AE36224E9}.Release|x64.ActiveCfg = Release|Any CPU
		{53C50118-13EC-4078-ACD7-B09AE36224E9}.Release|x64.Build.0 = Release|Any CPU
		{53C50118-13EC-4078-ACD7-B09AE36224E9}.Release|x64.Deploy.0 = Release|Any CPU
		{53C50118-13EC-4078-ACD7-B09AE36224E9}.Release|x86.ActiveCfg = Release|x86
		{53C50118-13EC-4078-ACD7-B09AE36224E9}.Release|x86.Build.0 = Release|x86
		{53C50118-13EC-4078-ACD7-B09AE36224E9}.Release|x86.Deploy.0 = Release|x86
		{C0A61782-D22C-453C-ABA5-2D5EA2D93B10}.Ad-Hoc|Any CPU.ActiveCfg = Release|Any CPU
		{C0A61782-D22C-453C-ABA5-2D5EA2D93B10}.Ad-Hoc|Any CPU.Build.0 = Release|Any CPU
		{C0A61782-D22C-453C-ABA5-2D5EA2D93B10}.Ad-Hoc|ARM.ActiveCfg = Release|Any CPU
		{C0A61782-D22C-453C-ABA5-2D5EA2D93B10}.Ad-Hoc|ARM.Build.0 = Release|Any CPU
		{C0A61782-D22C-453C-ABA5-2D5EA2D93B10}.Ad-Hoc|iPhone.ActiveCfg = Release|Any CPU
		{C0A61782-D22C-453C-ABA5-2D5EA2D93B10}.Ad-Hoc|iPhone.Build.0 = Release|Any CPU
		{C0A61782-D22C-453C-ABA5-2D5EA2D93B10}.Ad-Hoc|iPhoneSimulator.ActiveCfg = Release|Any CPU
		{C0A61782-D22C-453C-ABA5-2D5EA2D93B10}.Ad-Hoc|iPhoneSimulator.Build.0 = Release|Any CPU
		{C0A61782-D22C-453C-ABA5-2D5EA2D93B10}.Ad-Hoc|x64.ActiveCfg = Release|Any CPU
		{C0A61782-D22C-453C-ABA5-2D5EA2D93B10}.Ad-Hoc|x64.Build.0 = Release|Any CPU
		{C0A61782-D22C-453C-ABA5-2D5EA2D93B10}.Ad-Hoc|x86.ActiveCfg = Release|Any CPU
		{C0A61782-D22C-453C-ABA5-2D5EA2D93B10}.Ad-Hoc|x86.Build.0 = Release|Any CPU
		{C0A61782-D22C-453C-ABA5-2D5EA2D93B10}.AppStore|Any CPU.ActiveCfg = Release|Any CPU
		{C0A61782-D22C-453C-ABA5-2D5EA2D93B10}.AppStore|Any CPU.Build.0 = Release|Any CPU
		{C0A61782-D22C-453C-ABA5-2D5EA2D93B10}.AppStore|ARM.ActiveCfg = Release|Any CPU
		{C0A61782-D22C-453C-ABA5-2D5EA2D93B10}.AppStore|ARM.Build.0 = Release|Any CPU
		{C0A61782-D22C-453C-ABA5-2D5EA2D93B10}.AppStore|iPhone.ActiveCfg = Release|Any CPU
		{C0A61782-D22C-453C-ABA5-2D5EA2D93B10}.AppStore|iPhone.Build.0 = Release|Any CPU
		{C0A61782-D22C-453C-ABA5-2D5EA2D93B10}.AppStore|iPhoneSimulator.ActiveCfg = Release|Any CPU
		{C0A61782-D22C-453C-ABA5-2D5EA2D93B10}.AppStore|iPhoneSimulator.Build.0 = Release|Any CPU
		{C0A61782-D22C-453C-ABA5-2D5EA2D93B10}.AppStore|x64.ActiveCfg = Release|Any CPU
		{C0A61782-D22C-453C-ABA5-2D5EA2D93B10}.AppStore|x64.Build.0 = Release|Any CPU
		{C0A61782-D22C-453C-ABA5-2D5EA2D93B10}.AppStore|x86.ActiveCfg = Release|Any CPU
		{C0A61782-D22C-453C-ABA5-2D5EA2D93B10}.AppStore|x86.Build.0 = Release|Any CPU
		{C0A61782-D22C-453C-ABA5-2D5EA2D93B10}.Debug|Any CPU.ActiveCfg = Debug|Any CPU
		{C0A61782-D22C-453C-ABA5-2D5EA2D93B10}.Debug|Any CPU.Build.0 = Debug|Any CPU
		{C0A61782-D22C-453C-ABA5-2D5EA2D93B10}.Debug|ARM.ActiveCfg = Debug|Any CPU
		{C0A61782-D22C-453C-ABA5-2D5EA2D93B10}.Debug|ARM.Build.0 = Debug|Any CPU
		{C0A61782-D22C-453C-ABA5-2D5EA2D93B10}.Debug|iPhone.ActiveCfg = Debug|Any CPU
		{C0A61782-D22C-453C-ABA5-2D5EA2D93B10}.Debug|iPhone.Build.0 = Debug|Any CPU
		{C0A61782-D22C-453C-ABA5-2D5EA2D93B10}.Debug|iPhoneSimulator.ActiveCfg = Debug|Any CPU
		{C0A61782-D22C-453C-ABA5-2D5EA2D93B10}.Debug|iPhoneSimulator.Build.0 = Debug|Any CPU
		{C0A61782-D22C-453C-ABA5-2D5EA2D93B10}.Debug|x64.ActiveCfg = Debug|Any CPU
		{C0A61782-D22C-453C-ABA5-2D5EA2D93B10}.Debug|x64.Build.0 = Debug|Any CPU
		{C0A61782-D22C-453C-ABA5-2D5EA2D93B10}.Debug|x86.ActiveCfg = Debug|Any CPU
		{C0A61782-D22C-453C-ABA5-2D5EA2D93B10}.Debug|x86.Build.0 = Debug|Any CPU
		{C0A61782-D22C-453C-ABA5-2D5EA2D93B10}.Release|Any CPU.ActiveCfg = Release|Any CPU
		{C0A61782-D22C-453C-ABA5-2D5EA2D93B10}.Release|Any CPU.Build.0 = Release|Any CPU
		{C0A61782-D22C-453C-ABA5-2D5EA2D93B10}.Release|ARM.ActiveCfg = Release|Any CPU
		{C0A61782-D22C-453C-ABA5-2D5EA2D93B10}.Release|ARM.Build.0 = Release|Any CPU
		{C0A61782-D22C-453C-ABA5-2D5EA2D93B10}.Release|iPhone.ActiveCfg = Release|Any CPU
		{C0A61782-D22C-453C-ABA5-2D5EA2D93B10}.Release|iPhone.Build.0 = Release|Any CPU
		{C0A61782-D22C-453C-ABA5-2D5EA2D93B10}.Release|iPhoneSimulator.ActiveCfg = Release|Any CPU
		{C0A61782-D22C-453C-ABA5-2D5EA2D93B10}.Release|iPhoneSimulator.Build.0 = Release|Any CPU
		{C0A61782-D22C-453C-ABA5-2D5EA2D93B10}.Release|x64.ActiveCfg = Release|Any CPU
		{C0A61782-D22C-453C-ABA5-2D5EA2D93B10}.Release|x64.Build.0 = Release|Any CPU
		{C0A61782-D22C-453C-ABA5-2D5EA2D93B10}.Release|x86.ActiveCfg = Release|Any CPU
		{C0A61782-D22C-453C-ABA5-2D5EA2D93B10}.Release|x86.Build.0 = Release|Any CPU
	EndGlobalSection
	GlobalSection(SolutionProperties) = preSolution
		HideSolutionNode = FALSE
	EndGlobalSection
EndGlobal
